// !$*UTF8*$!
{
	archiveVersion = 1;
	classes = {
	};
	objectVersion = 48;
	objects = {

/* Begin PBXBuildFile section */
		1DD78CC5F0AC2DAFF8CA03EB /* Pods_PowerZonesApp.framework in Frameworks */ = {isa = PBXBuildFile; fileRef = 2AEFF51B76505043F03C9085 /* Pods_PowerZonesApp.framework */; };
		633B84AA20593CF80064F020 /* veryBigWhiteCircle.png in Resources */ = {isa = PBXBuildFile; fileRef = 633B84A520593CF70064F020 /* veryBigWhiteCircle.png */; };
		633B84AB20593CF80064F020 /* veryBigBlueCircle.png in Resources */ = {isa = PBXBuildFile; fileRef = 633B84A620593CF70064F020 /* veryBigBlueCircle.png */; };
		633B84AC20593CF80064F020 /* veryBigYellowCircle.png in Resources */ = {isa = PBXBuildFile; fileRef = 633B84A720593CF70064F020 /* veryBigYellowCircle.png */; };
		633B84AD20593CF80064F020 /* veryBigRedCircle.png in Resources */ = {isa = PBXBuildFile; fileRef = 633B84A820593CF70064F020 /* veryBigRedCircle.png */; };
		633B84AE20593CF80064F020 /* veryBigGreenCircle.png in Resources */ = {isa = PBXBuildFile; fileRef = 633B84A920593CF70064F020 /* veryBigGreenCircle.png */; };
		635EBDB92057ECF600DF9CB7 /* bigRedCircle.png in Resources */ = {isa = PBXBuildFile; fileRef = 635EBDB22057EB2700DF9CB7 /* bigRedCircle.png */; };
		635EBDBA2057F0E700DF9CB7 /* bigGreenCircle.png in Resources */ = {isa = PBXBuildFile; fileRef = 635EBDB72057EB2800DF9CB7 /* bigGreenCircle.png */; };
		635EBDBB2057F0EA00DF9CB7 /* bigBlueCircle.png in Resources */ = {isa = PBXBuildFile; fileRef = 635EBDB42057EB2700DF9CB7 /* bigBlueCircle.png */; };
		635EBDBC2057F0F000DF9CB7 /* heartIcon.png in Resources */ = {isa = PBXBuildFile; fileRef = 635EBDB82057EB2800DF9CB7 /* heartIcon.png */; };
		635EBDBD2057F0F300DF9CB7 /* powerIcon.png in Resources */ = {isa = PBXBuildFile; fileRef = 635EBDB12057EB2700DF9CB7 /* powerIcon.png */; };
		635EBDBE2057F0F700DF9CB7 /* checkmarkIcon.png in Resources */ = {isa = PBXBuildFile; fileRef = 635EBDB62057EB2700DF9CB7 /* checkmarkIcon.png */; };
		635EBDBF2057F0FB00DF9CB7 /* bigYellowCircle.png in Resources */ = {isa = PBXBuildFile; fileRef = 635EBDB52057EB2700DF9CB7 /* bigYellowCircle.png */; };
		635EBDC02057F0FD00DF9CB7 /* bigWhiteCircle.png in Resources */ = {isa = PBXBuildFile; fileRef = 635EBDB32057EB2700DF9CB7 /* bigWhiteCircle.png */; };
		63C9773F204FDA8A0096456E /* AppDelegate.swift in Sources */ = {isa = PBXBuildFile; fileRef = 63C9773E204FDA8A0096456E /* AppDelegate.swift */; };
		63C97744204FDA8A0096456E /* Main.storyboard in Resources */ = {isa = PBXBuildFile; fileRef = 63C97742204FDA8A0096456E /* Main.storyboard */; };
		63C97746204FDA8A0096456E /* Assets.xcassets in Resources */ = {isa = PBXBuildFile; fileRef = 63C97745204FDA8A0096456E /* Assets.xcassets */; };
		63C97749204FDA8A0096456E /* LaunchScreen.storyboard in Resources */ = {isa = PBXBuildFile; fileRef = 63C97747204FDA8A0096456E /* LaunchScreen.storyboard */; };
		63D37B8B205142E500D5EA41 /* BLEManager.swift in Sources */ = {isa = PBXBuildFile; fileRef = 63D37B8A205142E500D5EA41 /* BLEManager.swift */; };
		63D37B8E2051446C00D5EA41 /* BLEManagerProtocol.swift in Sources */ = {isa = PBXBuildFile; fileRef = 63D37B8D2051446C00D5EA41 /* BLEManagerProtocol.swift */; };
		63D37BA22051554500D5EA41 /* ConnectionsEventHandlerProtocol.swift in Sources */ = {isa = PBXBuildFile; fileRef = 63D37B912051554500D5EA41 /* ConnectionsEventHandlerProtocol.swift */; };
		63D37BA32051554500D5EA41 /* ConnectionsRouteModel.swift in Sources */ = {isa = PBXBuildFile; fileRef = 63D37B922051554500D5EA41 /* ConnectionsRouteModel.swift */; };
		63D37BA42051554500D5EA41 /* ConnectionsPresenterProtocol.swift in Sources */ = {isa = PBXBuildFile; fileRef = 63D37B932051554500D5EA41 /* ConnectionsPresenterProtocol.swift */; };
		63D37BA52051554500D5EA41 /* ConnectionsPresenter.swift in Sources */ = {isa = PBXBuildFile; fileRef = 63D37B942051554500D5EA41 /* ConnectionsPresenter.swift */; };
		63D37BA62051554500D5EA41 /* ConnectionsViewController.swift in Sources */ = {isa = PBXBuildFile; fileRef = 63D37B962051554500D5EA41 /* ConnectionsViewController.swift */; };
		63D37BA72051554500D5EA41 /* ConnectionsViewModel.swift in Sources */ = {isa = PBXBuildFile; fileRef = 63D37B972051554500D5EA41 /* ConnectionsViewModel.swift */; };
		63D37BA82051554500D5EA41 /* ConnectionsViewControllerProtocol.swift in Sources */ = {isa = PBXBuildFile; fileRef = 63D37B982051554500D5EA41 /* ConnectionsViewControllerProtocol.swift */; };
		63D37BA92051554500D5EA41 /* ConnectionsInteractorProtocol.swift in Sources */ = {isa = PBXBuildFile; fileRef = 63D37B9A2051554500D5EA41 /* ConnectionsInteractorProtocol.swift */; };
		63D37BAA2051554500D5EA41 /* ConnectionsInteractor.swift in Sources */ = {isa = PBXBuildFile; fileRef = 63D37B9B2051554500D5EA41 /* ConnectionsInteractor.swift */; };
		63D37BAB2051554500D5EA41 /* ConnectionsEntityGatewayProtocol.swift in Sources */ = {isa = PBXBuildFile; fileRef = 63D37B9D2051554500D5EA41 /* ConnectionsEntityGatewayProtocol.swift */; };
		63D37BAC2051554500D5EA41 /* ConnectionsEntityGateway.swift in Sources */ = {isa = PBXBuildFile; fileRef = 63D37B9E2051554500D5EA41 /* ConnectionsEntityGateway.swift */; };
		63D37BAD2051554500D5EA41 /* ConnectionsRouter.swift in Sources */ = {isa = PBXBuildFile; fileRef = 63D37BA02051554500D5EA41 /* ConnectionsRouter.swift */; };
		63D37BAE2051554500D5EA41 /* ConnectionsRouterProtocol.swift in Sources */ = {isa = PBXBuildFile; fileRef = 63D37BA12051554500D5EA41 /* ConnectionsRouterProtocol.swift */; };
		63D37BB02051569900D5EA41 /* ConnectionsCell.swift in Sources */ = {isa = PBXBuildFile; fileRef = 63D37BAF2051569900D5EA41 /* ConnectionsCell.swift */; };
		63D37BB2205156E100D5EA41 /* ConnectionsCellViewModel.swift in Sources */ = {isa = PBXBuildFile; fileRef = 63D37BB1205156E100D5EA41 /* ConnectionsCellViewModel.swift */; };
		63D37BB820558A1C00D5EA41 /* MockBLEManager.swift in Sources */ = {isa = PBXBuildFile; fileRef = 63D37BB720558A1C00D5EA41 /* MockBLEManager.swift */; };
		63D37BCC205593B400D5EA41 /* SettingsPresenterProtocol.swift in Sources */ = {isa = PBXBuildFile; fileRef = 63D37BBB205593B300D5EA41 /* SettingsPresenterProtocol.swift */; };
		63D37BCD205593B400D5EA41 /* SettingsEventHandlerProtocol.swift in Sources */ = {isa = PBXBuildFile; fileRef = 63D37BBC205593B300D5EA41 /* SettingsEventHandlerProtocol.swift */; };
		63D37BCE205593B400D5EA41 /* SettingsRouteModel.swift in Sources */ = {isa = PBXBuildFile; fileRef = 63D37BBD205593B300D5EA41 /* SettingsRouteModel.swift */; };
		63D37BCF205593B400D5EA41 /* SettingsPresenter.swift in Sources */ = {isa = PBXBuildFile; fileRef = 63D37BBE205593B300D5EA41 /* SettingsPresenter.swift */; };
		63D37BD0205593B400D5EA41 /* SettingsViewModel.swift in Sources */ = {isa = PBXBuildFile; fileRef = 63D37BC0205593B300D5EA41 /* SettingsViewModel.swift */; };
		63D37BD1205593B400D5EA41 /* SettingsViewControllerProtocol.swift in Sources */ = {isa = PBXBuildFile; fileRef = 63D37BC1205593B300D5EA41 /* SettingsViewControllerProtocol.swift */; };
		63D37BD2205593B400D5EA41 /* SettingsViewController.swift in Sources */ = {isa = PBXBuildFile; fileRef = 63D37BC2205593B300D5EA41 /* SettingsViewController.swift */; };
		63D37BD3205593B400D5EA41 /* SettingsInteractorProtocol.swift in Sources */ = {isa = PBXBuildFile; fileRef = 63D37BC4205593B300D5EA41 /* SettingsInteractorProtocol.swift */; };
		63D37BD4205593B400D5EA41 /* SettingsInteractor.swift in Sources */ = {isa = PBXBuildFile; fileRef = 63D37BC5205593B300D5EA41 /* SettingsInteractor.swift */; };
		63D37BD5205593B400D5EA41 /* SettingsEntityGatewayProtocol.swift in Sources */ = {isa = PBXBuildFile; fileRef = 63D37BC7205593B300D5EA41 /* SettingsEntityGatewayProtocol.swift */; };
		63D37BD6205593B400D5EA41 /* SettingsEntityGateway.swift in Sources */ = {isa = PBXBuildFile; fileRef = 63D37BC8205593B300D5EA41 /* SettingsEntityGateway.swift */; };
		63D37BD7205593B400D5EA41 /* SettingsRouter.swift in Sources */ = {isa = PBXBuildFile; fileRef = 63D37BCA205593B300D5EA41 /* SettingsRouter.swift */; };
		63D37BD8205593B400D5EA41 /* SettingsRouterProtocol.swift in Sources */ = {isa = PBXBuildFile; fileRef = 63D37BCB205593B300D5EA41 /* SettingsRouterProtocol.swift */; };
		63D37BDA20559DC700D5EA41 /* AppStorage.swift in Sources */ = {isa = PBXBuildFile; fileRef = 63D37BD920559DC700D5EA41 /* AppStorage.swift */; };
		63D37BDC20559DF500D5EA41 /* AppContext.swift in Sources */ = {isa = PBXBuildFile; fileRef = 63D37BDB20559DF500D5EA41 /* AppContext.swift */; };
		63D37BDE20559E4100D5EA41 /* UserDefaultProtocol.swift in Sources */ = {isa = PBXBuildFile; fileRef = 63D37BDD20559E4100D5EA41 /* UserDefaultProtocol.swift */; };
		63D37BE720567FE200D5EA41 /* PowerMeasurement.swift in Sources */ = {isa = PBXBuildFile; fileRef = 63D37BE620567FE200D5EA41 /* PowerMeasurement.swift */; };
		63D37BE920568F3C00D5EA41 /* PowerData.swift in Sources */ = {isa = PBXBuildFile; fileRef = 63D37BE820568F3C00D5EA41 /* PowerData.swift */; };
		63D37BEB205699F600D5EA41 /* HeartRateMeasurement.swift in Sources */ = {isa = PBXBuildFile; fileRef = 63D37BEA205699F600D5EA41 /* HeartRateMeasurement.swift */; };
		63F8682C205004F100EBC7B8 /* MainPresenter.swift in Sources */ = {isa = PBXBuildFile; fileRef = 63F8681B205004F100EBC7B8 /* MainPresenter.swift */; };
		63F8682D205004F100EBC7B8 /* MainEventHandlerProtocol.swift in Sources */ = {isa = PBXBuildFile; fileRef = 63F8681C205004F100EBC7B8 /* MainEventHandlerProtocol.swift */; };
		63F8682E205004F100EBC7B8 /* MainRouteModel.swift in Sources */ = {isa = PBXBuildFile; fileRef = 63F8681D205004F100EBC7B8 /* MainRouteModel.swift */; };
		63F8682F205004F100EBC7B8 /* MainPresenterProtocol.swift in Sources */ = {isa = PBXBuildFile; fileRef = 63F8681E205004F100EBC7B8 /* MainPresenterProtocol.swift */; };
		63F86830205004F100EBC7B8 /* MainViewController.swift in Sources */ = {isa = PBXBuildFile; fileRef = 63F86820205004F100EBC7B8 /* MainViewController.swift */; };
		63F86831205004F100EBC7B8 /* MainViewModel.swift in Sources */ = {isa = PBXBuildFile; fileRef = 63F86821205004F100EBC7B8 /* MainViewModel.swift */; };
		63F86832205004F100EBC7B8 /* MainViewControllerProtocol.swift in Sources */ = {isa = PBXBuildFile; fileRef = 63F86822205004F100EBC7B8 /* MainViewControllerProtocol.swift */; };
		63F86833205004F100EBC7B8 /* MainInteractor.swift in Sources */ = {isa = PBXBuildFile; fileRef = 63F86824205004F100EBC7B8 /* MainInteractor.swift */; };
		63F86834205004F100EBC7B8 /* MainInteractorProtocol.swift in Sources */ = {isa = PBXBuildFile; fileRef = 63F86825205004F100EBC7B8 /* MainInteractorProtocol.swift */; };
		63F86835205004F100EBC7B8 /* MainEntityGatewayProtocol.swift in Sources */ = {isa = PBXBuildFile; fileRef = 63F86827205004F100EBC7B8 /* MainEntityGatewayProtocol.swift */; };
		63F86836205004F100EBC7B8 /* MainEntityGateway.swift in Sources */ = {isa = PBXBuildFile; fileRef = 63F86828205004F100EBC7B8 /* MainEntityGateway.swift */; };
		63F86837205004F100EBC7B8 /* MainRouter.swift in Sources */ = {isa = PBXBuildFile; fileRef = 63F8682A205004F100EBC7B8 /* MainRouter.swift */; };
		63F86838205004F100EBC7B8 /* MainRouterProtocol.swift in Sources */ = {isa = PBXBuildFile; fileRef = 63F8682B205004F100EBC7B8 /* MainRouterProtocol.swift */; };
/* End PBXBuildFile section */

/* Begin PBXCopyFilesBuildPhase section */
		63F86818204FE25A00EBC7B8 /* Embed Frameworks */ = {
			isa = PBXCopyFilesBuildPhase;
			buildActionMask = 2147483647;
			dstPath = "";
			dstSubfolderSpec = 10;
			files = (
			);
			name = "Embed Frameworks";
			runOnlyForDeploymentPostprocessing = 0;
		};
/* End PBXCopyFilesBuildPhase section */

/* Begin PBXFileReference section */
		05BFD3E5A9A9F3861F10D53E /* Pods-PowerZonesApp.debug.xcconfig */ = {isa = PBXFileReference; includeInIndex = 1; lastKnownFileType = text.xcconfig; name = "Pods-PowerZonesApp.debug.xcconfig"; path = "Pods/Target Support Files/Pods-PowerZonesApp/Pods-PowerZonesApp.debug.xcconfig"; sourceTree = "<group>"; };
		2AEFF51B76505043F03C9085 /* Pods_PowerZonesApp.framework */ = {isa = PBXFileReference; explicitFileType = wrapper.framework; includeInIndex = 0; path = Pods_PowerZonesApp.framework; sourceTree = BUILT_PRODUCTS_DIR; };
		633B84902058936E0064F020 /* PowerZonesApp.app */ = {isa = PBXFileReference; explicitFileType = wrapper.application; includeInIndex = 0; path = PowerZonesApp.app; sourceTree = BUILT_PRODUCTS_DIR; };
		633B84A520593CF70064F020 /* veryBigWhiteCircle.png */ = {isa = PBXFileReference; lastKnownFileType = image.png; path = veryBigWhiteCircle.png; sourceTree = "<group>"; };
		633B84A620593CF70064F020 /* veryBigBlueCircle.png */ = {isa = PBXFileReference; lastKnownFileType = image.png; path = veryBigBlueCircle.png; sourceTree = "<group>"; };
		633B84A720593CF70064F020 /* veryBigYellowCircle.png */ = {isa = PBXFileReference; lastKnownFileType = image.png; path = veryBigYellowCircle.png; sourceTree = "<group>"; };
		633B84A820593CF70064F020 /* veryBigRedCircle.png */ = {isa = PBXFileReference; lastKnownFileType = image.png; path = veryBigRedCircle.png; sourceTree = "<group>"; };
		633B84A920593CF70064F020 /* veryBigGreenCircle.png */ = {isa = PBXFileReference; lastKnownFileType = image.png; path = veryBigGreenCircle.png; sourceTree = "<group>"; };
		635EBDB12057EB2700DF9CB7 /* powerIcon.png */ = {isa = PBXFileReference; lastKnownFileType = image.png; path = powerIcon.png; sourceTree = "<group>"; };
		635EBDB22057EB2700DF9CB7 /* bigRedCircle.png */ = {isa = PBXFileReference; lastKnownFileType = image.png; path = bigRedCircle.png; sourceTree = "<group>"; };
		635EBDB32057EB2700DF9CB7 /* bigWhiteCircle.png */ = {isa = PBXFileReference; lastKnownFileType = image.png; path = bigWhiteCircle.png; sourceTree = "<group>"; };
		635EBDB42057EB2700DF9CB7 /* bigBlueCircle.png */ = {isa = PBXFileReference; lastKnownFileType = image.png; path = bigBlueCircle.png; sourceTree = "<group>"; };
		635EBDB52057EB2700DF9CB7 /* bigYellowCircle.png */ = {isa = PBXFileReference; lastKnownFileType = image.png; path = bigYellowCircle.png; sourceTree = "<group>"; };
		635EBDB62057EB2700DF9CB7 /* checkmarkIcon.png */ = {isa = PBXFileReference; lastKnownFileType = image.png; path = checkmarkIcon.png; sourceTree = "<group>"; };
		635EBDB72057EB2800DF9CB7 /* bigGreenCircle.png */ = {isa = PBXFileReference; lastKnownFileType = image.png; path = bigGreenCircle.png; sourceTree = "<group>"; };
		635EBDB82057EB2800DF9CB7 /* heartIcon.png */ = {isa = PBXFileReference; lastKnownFileType = image.png; path = heartIcon.png; sourceTree = "<group>"; };
		63C9773E204FDA8A0096456E /* AppDelegate.swift */ = {isa = PBXFileReference; lastKnownFileType = sourcecode.swift; path = AppDelegate.swift; sourceTree = "<group>"; };
		63C97743204FDA8A0096456E /* Base */ = {isa = PBXFileReference; lastKnownFileType = file.storyboard; name = Base; path = Base.lproj/Main.storyboard; sourceTree = "<group>"; };
		63C97745204FDA8A0096456E /* Assets.xcassets */ = {isa = PBXFileReference; lastKnownFileType = folder.assetcatalog; path = Assets.xcassets; sourceTree = "<group>"; };
		63C97748204FDA8A0096456E /* Base */ = {isa = PBXFileReference; lastKnownFileType = file.storyboard; name = Base; path = Base.lproj/LaunchScreen.storyboard; sourceTree = "<group>"; };
		63C9774A204FDA8A0096456E /* Info.plist */ = {isa = PBXFileReference; lastKnownFileType = text.plist.xml; path = Info.plist; sourceTree = "<group>"; };
		63D37B8A205142E500D5EA41 /* BLEManager.swift */ = {isa = PBXFileReference; lastKnownFileType = sourcecode.swift; path = BLEManager.swift; sourceTree = "<group>"; };
		63D37B8D2051446C00D5EA41 /* BLEManagerProtocol.swift */ = {isa = PBXFileReference; lastKnownFileType = sourcecode.swift; path = BLEManagerProtocol.swift; sourceTree = "<group>"; };
		63D37B912051554500D5EA41 /* ConnectionsEventHandlerProtocol.swift */ = {isa = PBXFileReference; fileEncoding = 4; lastKnownFileType = sourcecode.swift; path = ConnectionsEventHandlerProtocol.swift; sourceTree = "<group>"; };
		63D37B922051554500D5EA41 /* ConnectionsRouteModel.swift */ = {isa = PBXFileReference; fileEncoding = 4; lastKnownFileType = sourcecode.swift; path = ConnectionsRouteModel.swift; sourceTree = "<group>"; };
		63D37B932051554500D5EA41 /* ConnectionsPresenterProtocol.swift */ = {isa = PBXFileReference; fileEncoding = 4; lastKnownFileType = sourcecode.swift; path = ConnectionsPresenterProtocol.swift; sourceTree = "<group>"; };
		63D37B942051554500D5EA41 /* ConnectionsPresenter.swift */ = {isa = PBXFileReference; fileEncoding = 4; lastKnownFileType = sourcecode.swift; path = ConnectionsPresenter.swift; sourceTree = "<group>"; };
		63D37B962051554500D5EA41 /* ConnectionsViewController.swift */ = {isa = PBXFileReference; fileEncoding = 4; lastKnownFileType = sourcecode.swift; path = ConnectionsViewController.swift; sourceTree = "<group>"; };
		63D37B972051554500D5EA41 /* ConnectionsViewModel.swift */ = {isa = PBXFileReference; fileEncoding = 4; lastKnownFileType = sourcecode.swift; path = ConnectionsViewModel.swift; sourceTree = "<group>"; };
		63D37B982051554500D5EA41 /* ConnectionsViewControllerProtocol.swift */ = {isa = PBXFileReference; fileEncoding = 4; lastKnownFileType = sourcecode.swift; path = ConnectionsViewControllerProtocol.swift; sourceTree = "<group>"; };
		63D37B9A2051554500D5EA41 /* ConnectionsInteractorProtocol.swift */ = {isa = PBXFileReference; fileEncoding = 4; lastKnownFileType = sourcecode.swift; path = ConnectionsInteractorProtocol.swift; sourceTree = "<group>"; };
		63D37B9B2051554500D5EA41 /* ConnectionsInteractor.swift */ = {isa = PBXFileReference; fileEncoding = 4; lastKnownFileType = sourcecode.swift; path = ConnectionsInteractor.swift; sourceTree = "<group>"; };
		63D37B9D2051554500D5EA41 /* ConnectionsEntityGatewayProtocol.swift */ = {isa = PBXFileReference; fileEncoding = 4; lastKnownFileType = sourcecode.swift; path = ConnectionsEntityGatewayProtocol.swift; sourceTree = "<group>"; };
		63D37B9E2051554500D5EA41 /* ConnectionsEntityGateway.swift */ = {isa = PBXFileReference; fileEncoding = 4; lastKnownFileType = sourcecode.swift; path = ConnectionsEntityGateway.swift; sourceTree = "<group>"; };
		63D37BA02051554500D5EA41 /* ConnectionsRouter.swift */ = {isa = PBXFileReference; fileEncoding = 4; lastKnownFileType = sourcecode.swift; path = ConnectionsRouter.swift; sourceTree = "<group>"; };
		63D37BA12051554500D5EA41 /* ConnectionsRouterProtocol.swift */ = {isa = PBXFileReference; fileEncoding = 4; lastKnownFileType = sourcecode.swift; path = ConnectionsRouterProtocol.swift; sourceTree = "<group>"; };
		63D37BAF2051569900D5EA41 /* ConnectionsCell.swift */ = {isa = PBXFileReference; lastKnownFileType = sourcecode.swift; path = ConnectionsCell.swift; sourceTree = "<group>"; };
		63D37BB1205156E100D5EA41 /* ConnectionsCellViewModel.swift */ = {isa = PBXFileReference; lastKnownFileType = sourcecode.swift; path = ConnectionsCellViewModel.swift; sourceTree = "<group>"; };
		63D37BB720558A1C00D5EA41 /* MockBLEManager.swift */ = {isa = PBXFileReference; lastKnownFileType = sourcecode.swift; path = MockBLEManager.swift; sourceTree = "<group>"; };
		63D37BBB205593B300D5EA41 /* SettingsPresenterProtocol.swift */ = {isa = PBXFileReference; fileEncoding = 4; lastKnownFileType = sourcecode.swift; path = SettingsPresenterProtocol.swift; sourceTree = "<group>"; };
		63D37BBC205593B300D5EA41 /* SettingsEventHandlerProtocol.swift */ = {isa = PBXFileReference; fileEncoding = 4; lastKnownFileType = sourcecode.swift; path = SettingsEventHandlerProtocol.swift; sourceTree = "<group>"; };
		63D37BBD205593B300D5EA41 /* SettingsRouteModel.swift */ = {isa = PBXFileReference; fileEncoding = 4; lastKnownFileType = sourcecode.swift; path = SettingsRouteModel.swift; sourceTree = "<group>"; };
		63D37BBE205593B300D5EA41 /* SettingsPresenter.swift */ = {isa = PBXFileReference; fileEncoding = 4; lastKnownFileType = sourcecode.swift; path = SettingsPresenter.swift; sourceTree = "<group>"; };
		63D37BC0205593B300D5EA41 /* SettingsViewModel.swift */ = {isa = PBXFileReference; fileEncoding = 4; lastKnownFileType = sourcecode.swift; path = SettingsViewModel.swift; sourceTree = "<group>"; };
		63D37BC1205593B300D5EA41 /* SettingsViewControllerProtocol.swift */ = {isa = PBXFileReference; fileEncoding = 4; lastKnownFileType = sourcecode.swift; path = SettingsViewControllerProtocol.swift; sourceTree = "<group>"; };
		63D37BC2205593B300D5EA41 /* SettingsViewController.swift */ = {isa = PBXFileReference; fileEncoding = 4; lastKnownFileType = sourcecode.swift; path = SettingsViewController.swift; sourceTree = "<group>"; };
		63D37BC4205593B300D5EA41 /* SettingsInteractorProtocol.swift */ = {isa = PBXFileReference; fileEncoding = 4; lastKnownFileType = sourcecode.swift; path = SettingsInteractorProtocol.swift; sourceTree = "<group>"; };
		63D37BC5205593B300D5EA41 /* SettingsInteractor.swift */ = {isa = PBXFileReference; fileEncoding = 4; lastKnownFileType = sourcecode.swift; path = SettingsInteractor.swift; sourceTree = "<group>"; };
		63D37BC7205593B300D5EA41 /* SettingsEntityGatewayProtocol.swift */ = {isa = PBXFileReference; fileEncoding = 4; lastKnownFileType = sourcecode.swift; path = SettingsEntityGatewayProtocol.swift; sourceTree = "<group>"; };
		63D37BC8205593B300D5EA41 /* SettingsEntityGateway.swift */ = {isa = PBXFileReference; fileEncoding = 4; lastKnownFileType = sourcecode.swift; path = SettingsEntityGateway.swift; sourceTree = "<group>"; };
		63D37BCA205593B300D5EA41 /* SettingsRouter.swift */ = {isa = PBXFileReference; fileEncoding = 4; lastKnownFileType = sourcecode.swift; path = SettingsRouter.swift; sourceTree = "<group>"; };
		63D37BCB205593B300D5EA41 /* SettingsRouterProtocol.swift */ = {isa = PBXFileReference; fileEncoding = 4; lastKnownFileType = sourcecode.swift; path = SettingsRouterProtocol.swift; sourceTree = "<group>"; };
		63D37BD920559DC700D5EA41 /* AppStorage.swift */ = {isa = PBXFileReference; lastKnownFileType = sourcecode.swift; path = AppStorage.swift; sourceTree = "<group>"; };
		63D37BDB20559DF500D5EA41 /* AppContext.swift */ = {isa = PBXFileReference; lastKnownFileType = sourcecode.swift; path = AppContext.swift; sourceTree = "<group>"; };
		63D37BDD20559E4100D5EA41 /* UserDefaultProtocol.swift */ = {isa = PBXFileReference; lastKnownFileType = sourcecode.swift; path = UserDefaultProtocol.swift; sourceTree = "<group>"; };
		63D37BE620567FE200D5EA41 /* PowerMeasurement.swift */ = {isa = PBXFileReference; lastKnownFileType = sourcecode.swift; path = PowerMeasurement.swift; sourceTree = "<group>"; };
		63D37BE820568F3C00D5EA41 /* PowerData.swift */ = {isa = PBXFileReference; lastKnownFileType = sourcecode.swift; path = PowerData.swift; sourceTree = "<group>"; };
		63D37BEA205699F600D5EA41 /* HeartRateMeasurement.swift */ = {isa = PBXFileReference; lastKnownFileType = sourcecode.swift; path = HeartRateMeasurement.swift; sourceTree = "<group>"; };
		63F8681B205004F100EBC7B8 /* MainPresenter.swift */ = {isa = PBXFileReference; fileEncoding = 4; lastKnownFileType = sourcecode.swift; path = MainPresenter.swift; sourceTree = "<group>"; };
		63F8681C205004F100EBC7B8 /* MainEventHandlerProtocol.swift */ = {isa = PBXFileReference; fileEncoding = 4; lastKnownFileType = sourcecode.swift; path = MainEventHandlerProtocol.swift; sourceTree = "<group>"; };
		63F8681D205004F100EBC7B8 /* MainRouteModel.swift */ = {isa = PBXFileReference; fileEncoding = 4; lastKnownFileType = sourcecode.swift; path = MainRouteModel.swift; sourceTree = "<group>"; };
		63F8681E205004F100EBC7B8 /* MainPresenterProtocol.swift */ = {isa = PBXFileReference; fileEncoding = 4; lastKnownFileType = sourcecode.swift; path = MainPresenterProtocol.swift; sourceTree = "<group>"; };
		63F86820205004F100EBC7B8 /* MainViewController.swift */ = {isa = PBXFileReference; fileEncoding = 4; lastKnownFileType = sourcecode.swift; path = MainViewController.swift; sourceTree = "<group>"; };
		63F86821205004F100EBC7B8 /* MainViewModel.swift */ = {isa = PBXFileReference; fileEncoding = 4; lastKnownFileType = sourcecode.swift; path = MainViewModel.swift; sourceTree = "<group>"; };
		63F86822205004F100EBC7B8 /* MainViewControllerProtocol.swift */ = {isa = PBXFileReference; fileEncoding = 4; lastKnownFileType = sourcecode.swift; path = MainViewControllerProtocol.swift; sourceTree = "<group>"; };
		63F86824205004F100EBC7B8 /* MainInteractor.swift */ = {isa = PBXFileReference; fileEncoding = 4; lastKnownFileType = sourcecode.swift; path = MainInteractor.swift; sourceTree = "<group>"; };
		63F86825205004F100EBC7B8 /* MainInteractorProtocol.swift */ = {isa = PBXFileReference; fileEncoding = 4; lastKnownFileType = sourcecode.swift; path = MainInteractorProtocol.swift; sourceTree = "<group>"; };
		63F86827205004F100EBC7B8 /* MainEntityGatewayProtocol.swift */ = {isa = PBXFileReference; fileEncoding = 4; lastKnownFileType = sourcecode.swift; path = MainEntityGatewayProtocol.swift; sourceTree = "<group>"; };
		63F86828205004F100EBC7B8 /* MainEntityGateway.swift */ = {isa = PBXFileReference; fileEncoding = 4; lastKnownFileType = sourcecode.swift; path = MainEntityGateway.swift; sourceTree = "<group>"; };
		63F8682A205004F100EBC7B8 /* MainRouter.swift */ = {isa = PBXFileReference; fileEncoding = 4; lastKnownFileType = sourcecode.swift; path = MainRouter.swift; sourceTree = "<group>"; };
		63F8682B205004F100EBC7B8 /* MainRouterProtocol.swift */ = {isa = PBXFileReference; fileEncoding = 4; lastKnownFileType = sourcecode.swift; path = MainRouterProtocol.swift; sourceTree = "<group>"; };
		9A393223E9C59F4BE96D0C6A /* Pods-PowerZonesApp.release.xcconfig */ = {isa = PBXFileReference; includeInIndex = 1; lastKnownFileType = text.xcconfig; name = "Pods-PowerZonesApp.release.xcconfig"; path = "Pods/Target Support Files/Pods-PowerZonesApp/Pods-PowerZonesApp.release.xcconfig"; sourceTree = "<group>"; };
/* End PBXFileReference section */

/* Begin PBXFrameworksBuildPhase section */
		63C97738204FDA8A0096456E /* Frameworks */ = {
			isa = PBXFrameworksBuildPhase;
			buildActionMask = 2147483647;
			files = (
				1DD78CC5F0AC2DAFF8CA03EB /* Pods_PowerZonesApp.framework in Frameworks */,
			);
			runOnlyForDeploymentPostprocessing = 0;
		};
/* End PBXFrameworksBuildPhase section */

/* Begin PBXGroup section */
		51057FC14F7705477F14347D /* Frameworks */ = {
			isa = PBXGroup;
			children = (
				2AEFF51B76505043F03C9085 /* Pods_PowerZonesApp.framework */,
			);
			name = Frameworks;
			sourceTree = "<group>";
		};
		63C97732204FDA8A0096456E = {
			isa = PBXGroup;
			children = (
				63C9773D204FDA8A0096456E /* PowerZonesApp */,
				B9F7854F87A1D26553DFBA7C /* Pods */,
				51057FC14F7705477F14347D /* Frameworks */,
				633B84902058936E0064F020 /* PowerZonesApp.app */,
			);
			sourceTree = "<group>";
		};
		63C9773D204FDA8A0096456E /* PowerZonesApp */ = {
			isa = PBXGroup;
			children = (
				63D37B8C2051444B00D5EA41 /* BLEManager */,
				63F86819205004F100EBC7B8 /* Main */,
				63D37BB9205593B300D5EA41 /* Settings */,
				63D37B8F2051554500D5EA41 /* Connections */,
				63C9773E204FDA8A0096456E /* AppDelegate.swift */,
				63C97742204FDA8A0096456E /* Main.storyboard */,
				63C97745204FDA8A0096456E /* Assets.xcassets */,
				63C97747204FDA8A0096456E /* LaunchScreen.storyboard */,
				63C9774A204FDA8A0096456E /* Info.plist */,
				63D37BD920559DC700D5EA41 /* AppStorage.swift */,
				63D37BDB20559DF500D5EA41 /* AppContext.swift */,
				63D37BDD20559E4100D5EA41 /* UserDefaultProtocol.swift */,
				63D37BDF2055AF7100D5EA41 /* Resources */,
			);
			path = PowerZonesApp;
			sourceTree = "<group>";
		};
		63D37B8C2051444B00D5EA41 /* BLEManager */ = {
			isa = PBXGroup;
			children = (
				63D37B8A205142E500D5EA41 /* BLEManager.swift */,
				63D37B8D2051446C00D5EA41 /* BLEManagerProtocol.swift */,
				63D37BB720558A1C00D5EA41 /* MockBLEManager.swift */,
				63D37BE620567FE200D5EA41 /* PowerMeasurement.swift */,
				63D37BE820568F3C00D5EA41 /* PowerData.swift */,
				63D37BEA205699F600D5EA41 /* HeartRateMeasurement.swift */,
			);
			path = BLEManager;
			sourceTree = "<group>";
		};
		63D37B8F2051554500D5EA41 /* Connections */ = {
			isa = PBXGroup;
			children = (
				63D37B952051554500D5EA41 /* View */,
				63D37B902051554500D5EA41 /* Presenter */,
				63D37B992051554500D5EA41 /* Interactor */,
				63D37B9C2051554500D5EA41 /* EntityGateway */,
				63D37B9F2051554500D5EA41 /* Router */,
			);
			path = Connections;
			sourceTree = "<group>";
		};
		63D37B902051554500D5EA41 /* Presenter */ = {
			isa = PBXGroup;
			children = (
				63D37B912051554500D5EA41 /* ConnectionsEventHandlerProtocol.swift */,
				63D37B932051554500D5EA41 /* ConnectionsPresenterProtocol.swift */,
				63D37B942051554500D5EA41 /* ConnectionsPresenter.swift */,
				63D37B922051554500D5EA41 /* ConnectionsRouteModel.swift */,
			);
			path = Presenter;
			sourceTree = "<group>";
		};
		63D37B952051554500D5EA41 /* View */ = {
			isa = PBXGroup;
			children = (
				63D37B982051554500D5EA41 /* ConnectionsViewControllerProtocol.swift */,
				63D37B962051554500D5EA41 /* ConnectionsViewController.swift */,
				63D37B972051554500D5EA41 /* ConnectionsViewModel.swift */,
				63D37BAF2051569900D5EA41 /* ConnectionsCell.swift */,
				63D37BB1205156E100D5EA41 /* ConnectionsCellViewModel.swift */,
			);
			path = View;
			sourceTree = "<group>";
		};
		63D37B992051554500D5EA41 /* Interactor */ = {
			isa = PBXGroup;
			children = (
				63D37B9A2051554500D5EA41 /* ConnectionsInteractorProtocol.swift */,
				63D37B9B2051554500D5EA41 /* ConnectionsInteractor.swift */,
			);
			path = Interactor;
			sourceTree = "<group>";
		};
		63D37B9C2051554500D5EA41 /* EntityGateway */ = {
			isa = PBXGroup;
			children = (
				63D37B9D2051554500D5EA41 /* ConnectionsEntityGatewayProtocol.swift */,
				63D37B9E2051554500D5EA41 /* ConnectionsEntityGateway.swift */,
			);
			path = EntityGateway;
			sourceTree = "<group>";
		};
		63D37B9F2051554500D5EA41 /* Router */ = {
			isa = PBXGroup;
			children = (
				63D37BA02051554500D5EA41 /* ConnectionsRouter.swift */,
				63D37BA12051554500D5EA41 /* ConnectionsRouterProtocol.swift */,
			);
			path = Router;
			sourceTree = "<group>";
		};
		63D37BB9205593B300D5EA41 /* Settings */ = {
			isa = PBXGroup;
			children = (
				63D37BBF205593B300D5EA41 /* View */,
				63D37BBA205593B300D5EA41 /* Presenter */,
				63D37BC3205593B300D5EA41 /* Interactor */,
				63D37BC6205593B300D5EA41 /* EntityGateway */,
				63D37BC9205593B300D5EA41 /* Router */,
			);
			path = Settings;
			sourceTree = "<group>";
		};
		63D37BBA205593B300D5EA41 /* Presenter */ = {
			isa = PBXGroup;
			children = (
				63D37BBC205593B300D5EA41 /* SettingsEventHandlerProtocol.swift */,
				63D37BBB205593B300D5EA41 /* SettingsPresenterProtocol.swift */,
				63D37BBE205593B300D5EA41 /* SettingsPresenter.swift */,
				63D37BBD205593B300D5EA41 /* SettingsRouteModel.swift */,
			);
			path = Presenter;
			sourceTree = "<group>";
		};
		63D37BBF205593B300D5EA41 /* View */ = {
			isa = PBXGroup;
			children = (
				63D37BC1205593B300D5EA41 /* SettingsViewControllerProtocol.swift */,
				63D37BC2205593B300D5EA41 /* SettingsViewController.swift */,
				63D37BC0205593B300D5EA41 /* SettingsViewModel.swift */,
			);
			path = View;
			sourceTree = "<group>";
		};
		63D37BC3205593B300D5EA41 /* Interactor */ = {
			isa = PBXGroup;
			children = (
				63D37BC4205593B300D5EA41 /* SettingsInteractorProtocol.swift */,
				63D37BC5205593B300D5EA41 /* SettingsInteractor.swift */,
			);
			path = Interactor;
			sourceTree = "<group>";
		};
		63D37BC6205593B300D5EA41 /* EntityGateway */ = {
			isa = PBXGroup;
			children = (
				63D37BC7205593B300D5EA41 /* SettingsEntityGatewayProtocol.swift */,
				63D37BC8205593B300D5EA41 /* SettingsEntityGateway.swift */,
			);
			path = EntityGateway;
			sourceTree = "<group>";
		};
		63D37BC9205593B300D5EA41 /* Router */ = {
			isa = PBXGroup;
			children = (
				63D37BCA205593B300D5EA41 /* SettingsRouter.swift */,
				63D37BCB205593B300D5EA41 /* SettingsRouterProtocol.swift */,
			);
			path = Router;
			sourceTree = "<group>";
		};
		63D37BDF2055AF7100D5EA41 /* Resources */ = {
			isa = PBXGroup;
			children = (
				633B84A620593CF70064F020 /* veryBigBlueCircle.png */,
				633B84A920593CF70064F020 /* veryBigGreenCircle.png */,
				633B84A820593CF70064F020 /* veryBigRedCircle.png */,
				633B84A520593CF70064F020 /* veryBigWhiteCircle.png */,
				633B84A720593CF70064F020 /* veryBigYellowCircle.png */,
				635EBDB42057EB2700DF9CB7 /* bigBlueCircle.png */,
				635EBDB72057EB2800DF9CB7 /* bigGreenCircle.png */,
				635EBDB22057EB2700DF9CB7 /* bigRedCircle.png */,
				635EBDB32057EB2700DF9CB7 /* bigWhiteCircle.png */,
				635EBDB52057EB2700DF9CB7 /* bigYellowCircle.png */,
				635EBDB62057EB2700DF9CB7 /* checkmarkIcon.png */,
				635EBDB82057EB2800DF9CB7 /* heartIcon.png */,
				635EBDB12057EB2700DF9CB7 /* powerIcon.png */,
			);
			path = Resources;
			sourceTree = "<group>";
		};
		63F86819205004F100EBC7B8 /* Main */ = {
			isa = PBXGroup;
			children = (
				63F8681F205004F100EBC7B8 /* View */,
				63F8681A205004F100EBC7B8 /* Presenter */,
				63F86823205004F100EBC7B8 /* Interactor */,
				63F86826205004F100EBC7B8 /* EntityGateway */,
				63F86829205004F100EBC7B8 /* Router */,
			);
			path = Main;
			sourceTree = "<group>";
		};
		63F8681A205004F100EBC7B8 /* Presenter */ = {
			isa = PBXGroup;
			children = (
				63F8681E205004F100EBC7B8 /* MainPresenterProtocol.swift */,
				63F8681C205004F100EBC7B8 /* MainEventHandlerProtocol.swift */,
				63F8681B205004F100EBC7B8 /* MainPresenter.swift */,
				63F8681D205004F100EBC7B8 /* MainRouteModel.swift */,
			);
			path = Presenter;
			sourceTree = "<group>";
		};
		63F8681F205004F100EBC7B8 /* View */ = {
			isa = PBXGroup;
			children = (
				63F86822205004F100EBC7B8 /* MainViewControllerProtocol.swift */,
				63F86820205004F100EBC7B8 /* MainViewController.swift */,
				63F86821205004F100EBC7B8 /* MainViewModel.swift */,
			);
			path = View;
			sourceTree = "<group>";
		};
		63F86823205004F100EBC7B8 /* Interactor */ = {
			isa = PBXGroup;
			children = (
				63F86825205004F100EBC7B8 /* MainInteractorProtocol.swift */,
				63F86824205004F100EBC7B8 /* MainInteractor.swift */,
			);
			path = Interactor;
			sourceTree = "<group>";
		};
		63F86826205004F100EBC7B8 /* EntityGateway */ = {
			isa = PBXGroup;
			children = (
				63F86827205004F100EBC7B8 /* MainEntityGatewayProtocol.swift */,
				63F86828205004F100EBC7B8 /* MainEntityGateway.swift */,
			);
			path = EntityGateway;
			sourceTree = "<group>";
		};
		63F86829205004F100EBC7B8 /* Router */ = {
			isa = PBXGroup;
			children = (
				63F8682B205004F100EBC7B8 /* MainRouterProtocol.swift */,
				63F8682A205004F100EBC7B8 /* MainRouter.swift */,
			);
			path = Router;
			sourceTree = "<group>";
		};
		B9F7854F87A1D26553DFBA7C /* Pods */ = {
			isa = PBXGroup;
			children = (
				05BFD3E5A9A9F3861F10D53E /* Pods-PowerZonesApp.debug.xcconfig */,
				9A393223E9C59F4BE96D0C6A /* Pods-PowerZonesApp.release.xcconfig */,
			);
			name = Pods;
			sourceTree = "<group>";
		};
/* End PBXGroup section */

/* Begin PBXNativeTarget section */
		63C9773A204FDA8A0096456E /* PowerZonesApp */ = {
			isa = PBXNativeTarget;
			buildConfigurationList = 63C9774D204FDA8A0096456E /* Build configuration list for PBXNativeTarget "PowerZonesApp" */;
			buildPhases = (
				A17AA4D07D5CF068BE072785 /* [CP] Check Pods Manifest.lock */,
				63C97737204FDA8A0096456E /* Sources */,
				63C97738204FDA8A0096456E /* Frameworks */,
				63C97739204FDA8A0096456E /* Resources */,
				63F86818204FE25A00EBC7B8 /* Embed Frameworks */,
				AAD839C24376AB548D520473 /* [CP] Embed Pods Frameworks */,
				7A3982126E2736D4549FB9E7 /* [CP] Copy Pods Resources */,
			);
			buildRules = (
			);
			dependencies = (
			);
			name = PowerZonesApp;
			productName = PowerZonesApp;
			productReference = 633B84902058936E0064F020 /* PowerZonesApp.app */;
			productType = "com.apple.product-type.application";
		};
/* End PBXNativeTarget section */

/* Begin PBXProject section */
		63C97733204FDA8A0096456E /* Project object */ = {
			isa = PBXProject;
			attributes = {
				LastSwiftUpdateCheck = 0920;
				LastUpgradeCheck = 0920;
				ORGANIZATIONNAME = "Kristoffer Nielsen";
				TargetAttributes = {
					63C9773A204FDA8A0096456E = {
						CreatedOnToolsVersion = 9.2;
						ProvisioningStyle = Automatic;
						SystemCapabilities = {
							com.apple.BackgroundModes = {
								enabled = 1;
							};
						};
					};
				};
			};
			buildConfigurationList = 63C97736204FDA8A0096456E /* Build configuration list for PBXProject "PowerZonesApp" */;
			compatibilityVersion = "Xcode 8.0";
			developmentRegion = en;
			hasScannedForEncodings = 0;
			knownRegions = (
				en,
				Base,
			);
			mainGroup = 63C97732204FDA8A0096456E;
			productRefGroup = 63C97732204FDA8A0096456E;
			projectDirPath = "";
			projectRoot = "";
			targets = (
				63C9773A204FDA8A0096456E /* PowerZonesApp */,
			);
		};
/* End PBXProject section */

/* Begin PBXResourcesBuildPhase section */
		63C97739204FDA8A0096456E /* Resources */ = {
			isa = PBXResourcesBuildPhase;
			buildActionMask = 2147483647;
			files = (
				635EBDBF2057F0FB00DF9CB7 /* bigYellowCircle.png in Resources */,
				635EBDBB2057F0EA00DF9CB7 /* bigBlueCircle.png in Resources */,
				633B84AC20593CF80064F020 /* veryBigYellowCircle.png in Resources */,
				63C97749204FDA8A0096456E /* LaunchScreen.storyboard in Resources */,
				633B84AE20593CF80064F020 /* veryBigGreenCircle.png in Resources */,
				63C97746204FDA8A0096456E /* Assets.xcassets in Resources */,
				635EBDBA2057F0E700DF9CB7 /* bigGreenCircle.png in Resources */,
				635EBDBE2057F0F700DF9CB7 /* checkmarkIcon.png in Resources */,
				635EBDBC2057F0F000DF9CB7 /* heartIcon.png in Resources */,
				635EBDC02057F0FD00DF9CB7 /* bigWhiteCircle.png in Resources */,
				633B84AB20593CF80064F020 /* veryBigBlueCircle.png in Resources */,
				633B84AD20593CF80064F020 /* veryBigRedCircle.png in Resources */,
				633B84AA20593CF80064F020 /* veryBigWhiteCircle.png in Resources */,
				635EBDB92057ECF600DF9CB7 /* bigRedCircle.png in Resources */,
				635EBDBD2057F0F300DF9CB7 /* powerIcon.png in Resources */,
				63C97744204FDA8A0096456E /* Main.storyboard in Resources */,
			);
			runOnlyForDeploymentPostprocessing = 0;
		};
/* End PBXResourcesBuildPhase section */

/* Begin PBXShellScriptBuildPhase section */
		7A3982126E2736D4549FB9E7 /* [CP] Copy Pods Resources */ = {
			isa = PBXShellScriptBuildPhase;
			buildActionMask = 2147483647;
			files = (
			);
			inputPaths = (
			);
			name = "[CP] Copy Pods Resources";
			outputPaths = (
			);
			runOnlyForDeploymentPostprocessing = 0;
			shellPath = /bin/sh;
			shellScript = "\"${SRCROOT}/Pods/Target Support Files/Pods-PowerZonesApp/Pods-PowerZonesApp-resources.sh\"\n";
			showEnvVarsInLog = 0;
		};
		A17AA4D07D5CF068BE072785 /* [CP] Check Pods Manifest.lock */ = {
			isa = PBXShellScriptBuildPhase;
			buildActionMask = 2147483647;
			files = (
			);
			inputPaths = (
				"${PODS_PODFILE_DIR_PATH}/Podfile.lock",
				"${PODS_ROOT}/Manifest.lock",
			);
			name = "[CP] Check Pods Manifest.lock";
			outputPaths = (
				"$(DERIVED_FILE_DIR)/Pods-PowerZonesApp-checkManifestLockResult.txt",
			);
			runOnlyForDeploymentPostprocessing = 0;
			shellPath = /bin/sh;
			shellScript = "diff \"${PODS_PODFILE_DIR_PATH}/Podfile.lock\" \"${PODS_ROOT}/Manifest.lock\" > /dev/null\nif [ $? != 0 ] ; then\n    # print error to STDERR\n    echo \"error: The sandbox is not in sync with the Podfile.lock. Run 'pod install' or update your CocoaPods installation.\" >&2\n    exit 1\nfi\n# This output is used by Xcode 'outputs' to avoid re-running this script phase.\necho \"SUCCESS\" > \"${SCRIPT_OUTPUT_FILE_0}\"\n";
			showEnvVarsInLog = 0;
		};
		AAD839C24376AB548D520473 /* [CP] Embed Pods Frameworks */ = {
			isa = PBXShellScriptBuildPhase;
			buildActionMask = 2147483647;
			files = (
			);
			inputPaths = (
				"${SRCROOT}/Pods/Target Support Files/Pods-PowerZonesApp/Pods-PowerZonesApp-frameworks.sh",
				"${BUILT_PRODUCTS_DIR}/SwiftLog/SwiftLog.framework",
			);
			name = "[CP] Embed Pods Frameworks";
			outputPaths = (
				"${TARGET_BUILD_DIR}/${FRAMEWORKS_FOLDER_PATH}/SwiftLog.framework",
			);
			runOnlyForDeploymentPostprocessing = 0;
			shellPath = /bin/sh;
			shellScript = "\"${SRCROOT}/Pods/Target Support Files/Pods-PowerZonesApp/Pods-PowerZonesApp-frameworks.sh\"\n";
			showEnvVarsInLog = 0;
		};
/* End PBXShellScriptBuildPhase section */

/* Begin PBXSourcesBuildPhase section */
		63C97737204FDA8A0096456E /* Sources */ = {
			isa = PBXSourcesBuildPhase;
			buildActionMask = 2147483647;
			files = (
				63D37BA72051554500D5EA41 /* ConnectionsViewModel.swift in Sources */,
				63D37BE920568F3C00D5EA41 /* PowerData.swift in Sources */,
				63D37BAB2051554500D5EA41 /* ConnectionsEntityGatewayProtocol.swift in Sources */,
				63F86835205004F100EBC7B8 /* MainEntityGatewayProtocol.swift in Sources */,
				63D37BB02051569900D5EA41 /* ConnectionsCell.swift in Sources */,
				63D37BD5205593B400D5EA41 /* SettingsEntityGatewayProtocol.swift in Sources */,
				63D37BAC2051554500D5EA41 /* ConnectionsEntityGateway.swift in Sources */,
				63F86837205004F100EBC7B8 /* MainRouter.swift in Sources */,
				63F86838205004F100EBC7B8 /* MainRouterProtocol.swift in Sources */,
				63D37BD2205593B400D5EA41 /* SettingsViewController.swift in Sources */,
				63D37B8E2051446C00D5EA41 /* BLEManagerProtocol.swift in Sources */,
				63D37BDC20559DF500D5EA41 /* AppContext.swift in Sources */,
				63D37BD0205593B400D5EA41 /* SettingsViewModel.swift in Sources */,
				63D37BA52051554500D5EA41 /* ConnectionsPresenter.swift in Sources */,
				63D37BA92051554500D5EA41 /* ConnectionsInteractorProtocol.swift in Sources */,
				63D37BD8205593B400D5EA41 /* SettingsRouterProtocol.swift in Sources */,
				63F86832205004F100EBC7B8 /* MainViewControllerProtocol.swift in Sources */,
				63F86830205004F100EBC7B8 /* MainViewController.swift in Sources */,
				63D37BAE2051554500D5EA41 /* ConnectionsRouterProtocol.swift in Sources */,
				63D37BCC205593B400D5EA41 /* SettingsPresenterProtocol.swift in Sources */,
				63D37BD6205593B400D5EA41 /* SettingsEntityGateway.swift in Sources */,
				63F8682D205004F100EBC7B8 /* MainEventHandlerProtocol.swift in Sources */,
				63D37BD1205593B400D5EA41 /* SettingsViewControllerProtocol.swift in Sources */,
				63D37BD7205593B400D5EA41 /* SettingsRouter.swift in Sources */,
				63D37BCD205593B400D5EA41 /* SettingsEventHandlerProtocol.swift in Sources */,
				63F86833205004F100EBC7B8 /* MainInteractor.swift in Sources */,
				63D37BE720567FE200D5EA41 /* PowerMeasurement.swift in Sources */,
				63D37B8B205142E500D5EA41 /* BLEManager.swift in Sources */,
				63D37BEB205699F600D5EA41 /* HeartRateMeasurement.swift in Sources */,
				63D37BD3205593B400D5EA41 /* SettingsInteractorProtocol.swift in Sources */,
				63F8682C205004F100EBC7B8 /* MainPresenter.swift in Sources */,
				63D37BA62051554500D5EA41 /* ConnectionsViewController.swift in Sources */,
				63D37BA42051554500D5EA41 /* ConnectionsPresenterProtocol.swift in Sources */,
				63D37BA82051554500D5EA41 /* ConnectionsViewControllerProtocol.swift in Sources */,
				63D37BAD2051554500D5EA41 /* ConnectionsRouter.swift in Sources */,
				63D37BDA20559DC700D5EA41 /* AppStorage.swift in Sources */,
				63D37BCE205593B400D5EA41 /* SettingsRouteModel.swift in Sources */,
				63F86836205004F100EBC7B8 /* MainEntityGateway.swift in Sources */,
				63D37BCF205593B400D5EA41 /* SettingsPresenter.swift in Sources */,
				63F8682F205004F100EBC7B8 /* MainPresenterProtocol.swift in Sources */,
				63D37BA22051554500D5EA41 /* ConnectionsEventHandlerProtocol.swift in Sources */,
				63D37BA32051554500D5EA41 /* ConnectionsRouteModel.swift in Sources */,
				63C9773F204FDA8A0096456E /* AppDelegate.swift in Sources */,
				63D37BDE20559E4100D5EA41 /* UserDefaultProtocol.swift in Sources */,
				63F8682E205004F100EBC7B8 /* MainRouteModel.swift in Sources */,
				63F86834205004F100EBC7B8 /* MainInteractorProtocol.swift in Sources */,
				63D37BAA2051554500D5EA41 /* ConnectionsInteractor.swift in Sources */,
				63D37BB2205156E100D5EA41 /* ConnectionsCellViewModel.swift in Sources */,
				63F86831205004F100EBC7B8 /* MainViewModel.swift in Sources */,
				63D37BB820558A1C00D5EA41 /* MockBLEManager.swift in Sources */,
				63D37BD4205593B400D5EA41 /* SettingsInteractor.swift in Sources */,
			);
			runOnlyForDeploymentPostprocessing = 0;
		};
/* End PBXSourcesBuildPhase section */

/* Begin PBXVariantGroup section */
		63C97742204FDA8A0096456E /* Main.storyboard */ = {
			isa = PBXVariantGroup;
			children = (
				63C97743204FDA8A0096456E /* Base */,
			);
			name = Main.storyboard;
			sourceTree = "<group>";
		};
		63C97747204FDA8A0096456E /* LaunchScreen.storyboard */ = {
			isa = PBXVariantGroup;
			children = (
				63C97748204FDA8A0096456E /* Base */,
			);
			name = LaunchScreen.storyboard;
			sourceTree = "<group>";
		};
/* End PBXVariantGroup section */

/* Begin XCBuildConfiguration section */
		63C9774B204FDA8A0096456E /* Debug */ = {
			isa = XCBuildConfiguration;
			buildSettings = {
				ALWAYS_SEARCH_USER_PATHS = NO;
				CLANG_ANALYZER_NONNULL = YES;
				CLANG_ANALYZER_NUMBER_OBJECT_CONVERSION = YES_AGGRESSIVE;
				CLANG_CXX_LANGUAGE_STANDARD = "gnu++14";
				CLANG_CXX_LIBRARY = "libc++";
				CLANG_ENABLE_MODULES = YES;
				CLANG_ENABLE_OBJC_ARC = YES;
				CLANG_WARN_BLOCK_CAPTURE_AUTORELEASING = YES;
				CLANG_WARN_BOOL_CONVERSION = YES;
				CLANG_WARN_COMMA = YES;
				CLANG_WARN_CONSTANT_CONVERSION = YES;
				CLANG_WARN_DIRECT_OBJC_ISA_USAGE = YES_ERROR;
				CLANG_WARN_DOCUMENTATION_COMMENTS = YES;
				CLANG_WARN_EMPTY_BODY = YES;
				CLANG_WARN_ENUM_CONVERSION = YES;
				CLANG_WARN_INFINITE_RECURSION = YES;
				CLANG_WARN_INT_CONVERSION = YES;
				CLANG_WARN_NON_LITERAL_NULL_CONVERSION = YES;
				CLANG_WARN_OBJC_LITERAL_CONVERSION = YES;
				CLANG_WARN_OBJC_ROOT_CLASS = YES_ERROR;
				CLANG_WARN_RANGE_LOOP_ANALYSIS = YES;
				CLANG_WARN_STRICT_PROTOTYPES = YES;
				CLANG_WARN_SUSPICIOUS_MOVE = YES;
				CLANG_WARN_UNGUARDED_AVAILABILITY = YES_AGGRESSIVE;
				CLANG_WARN_UNREACHABLE_CODE = YES;
				CLANG_WARN__DUPLICATE_METHOD_MATCH = YES;
				CODE_SIGN_IDENTITY = "iPhone Developer";
				COPY_PHASE_STRIP = NO;
				DEBUG_INFORMATION_FORMAT = dwarf;
				ENABLE_STRICT_OBJC_MSGSEND = YES;
				ENABLE_TESTABILITY = YES;
				GCC_C_LANGUAGE_STANDARD = gnu11;
				GCC_DYNAMIC_NO_PIC = NO;
				GCC_NO_COMMON_BLOCKS = YES;
				GCC_OPTIMIZATION_LEVEL = 0;
				GCC_PREPROCESSOR_DEFINITIONS = (
					"DEBUG=1",
					"$(inherited)",
				);
				GCC_WARN_64_TO_32_BIT_CONVERSION = YES;
				GCC_WARN_ABOUT_RETURN_TYPE = YES_ERROR;
				GCC_WARN_UNDECLARED_SELECTOR = YES;
				GCC_WARN_UNINITIALIZED_AUTOS = YES_AGGRESSIVE;
				GCC_WARN_UNUSED_FUNCTION = YES;
				GCC_WARN_UNUSED_VARIABLE = YES;
				IPHONEOS_DEPLOYMENT_TARGET = 11.2;
				MTL_ENABLE_DEBUG_INFO = YES;
				ONLY_ACTIVE_ARCH = YES;
				SDKROOT = iphoneos;
				SWIFT_ACTIVE_COMPILATION_CONDITIONS = DEBUG;
				SWIFT_OPTIMIZATION_LEVEL = "-Onone";
			};
			name = Debug;
		};
		63C9774C204FDA8A0096456E /* Release */ = {
			isa = XCBuildConfiguration;
			buildSettings = {
				ALWAYS_SEARCH_USER_PATHS = NO;
				CLANG_ANALYZER_NONNULL = YES;
				CLANG_ANALYZER_NUMBER_OBJECT_CONVERSION = YES_AGGRESSIVE;
				CLANG_CXX_LANGUAGE_STANDARD = "gnu++14";
				CLANG_CXX_LIBRARY = "libc++";
				CLANG_ENABLE_MODULES = YES;
				CLANG_ENABLE_OBJC_ARC = YES;
				CLANG_WARN_BLOCK_CAPTURE_AUTORELEASING = YES;
				CLANG_WARN_BOOL_CONVERSION = YES;
				CLANG_WARN_COMMA = YES;
				CLANG_WARN_CONSTANT_CONVERSION = YES;
				CLANG_WARN_DIRECT_OBJC_ISA_USAGE = YES_ERROR;
				CLANG_WARN_DOCUMENTATION_COMMENTS = YES;
				CLANG_WARN_EMPTY_BODY = YES;
				CLANG_WARN_ENUM_CONVERSION = YES;
				CLANG_WARN_INFINITE_RECURSION = YES;
				CLANG_WARN_INT_CONVERSION = YES;
				CLANG_WARN_NON_LITERAL_NULL_CONVERSION = YES;
				CLANG_WARN_OBJC_LITERAL_CONVERSION = YES;
				CLANG_WARN_OBJC_ROOT_CLASS = YES_ERROR;
				CLANG_WARN_RANGE_LOOP_ANALYSIS = YES;
				CLANG_WARN_STRICT_PROTOTYPES = YES;
				CLANG_WARN_SUSPICIOUS_MOVE = YES;
				CLANG_WARN_UNGUARDED_AVAILABILITY = YES_AGGRESSIVE;
				CLANG_WARN_UNREACHABLE_CODE = YES;
				CLANG_WARN__DUPLICATE_METHOD_MATCH = YES;
				CODE_SIGN_IDENTITY = "iPhone Developer";
				COPY_PHASE_STRIP = NO;
				DEBUG_INFORMATION_FORMAT = "dwarf-with-dsym";
				ENABLE_NS_ASSERTIONS = NO;
				ENABLE_STRICT_OBJC_MSGSEND = YES;
				GCC_C_LANGUAGE_STANDARD = gnu11;
				GCC_NO_COMMON_BLOCKS = YES;
				GCC_WARN_64_TO_32_BIT_CONVERSION = YES;
				GCC_WARN_ABOUT_RETURN_TYPE = YES_ERROR;
				GCC_WARN_UNDECLARED_SELECTOR = YES;
				GCC_WARN_UNINITIALIZED_AUTOS = YES_AGGRESSIVE;
				GCC_WARN_UNUSED_FUNCTION = YES;
				GCC_WARN_UNUSED_VARIABLE = YES;
				IPHONEOS_DEPLOYMENT_TARGET = 11.2;
				MTL_ENABLE_DEBUG_INFO = NO;
				SDKROOT = iphoneos;
				SWIFT_OPTIMIZATION_LEVEL = "-Owholemodule";
				VALIDATE_PRODUCT = YES;
			};
			name = Release;
		};
		63C9774E204FDA8A0096456E /* Debug */ = {
			isa = XCBuildConfiguration;
			baseConfigurationReference = 05BFD3E5A9A9F3861F10D53E /* Pods-PowerZonesApp.debug.xcconfig */;
			buildSettings = {
				ASSETCATALOG_COMPILER_APPICON_NAME = AppIcon;
				CODE_SIGN_STYLE = Automatic;
				DEVELOPMENT_TEAM = L3JGGJNJR6;
				INFOPLIST_FILE = PowerZonesApp/Info.plist;
				LD_RUNPATH_SEARCH_PATHS = "$(inherited) @executable_path/Frameworks";
				PRODUCT_BUNDLE_IDENTIFIER = re.pineapple.PowerZonesApp;
				PRODUCT_NAME = "$(TARGET_NAME)";
				SWIFT_VERSION = 4.0;
				TARGETED_DEVICE_FAMILY = "1,2";
			};
			name = Debug;
		};
		63C9774F204FDA8A0096456E /* Release */ = {
			isa = XCBuildConfiguration;
			baseConfigurationReference = 9A393223E9C59F4BE96D0C6A /* Pods-PowerZonesApp.release.xcconfig */;
			buildSettings = {
				ASSETCATALOG_COMPILER_APPICON_NAME = AppIcon;
				CODE_SIGN_STYLE = Automatic;
				DEVELOPMENT_TEAM = L3JGGJNJR6;
				INFOPLIST_FILE = PowerZonesApp/Info.plist;
				LD_RUNPATH_SEARCH_PATHS = "$(inherited) @executable_path/Frameworks";
				PRODUCT_BUNDLE_IDENTIFIER = re.pineapple.PowerZonesApp;
				PRODUCT_NAME = "$(TARGET_NAME)";
				SWIFT_VERSION = 4.0;
				TARGETED_DEVICE_FAMILY = "1,2";
			};
			name = Release;
		};
/* End XCBuildConfiguration section */

/* Begin XCConfigurationList section */
		63C97736204FDA8A0096456E /* Build configuration list for PBXProject "PowerZonesApp" */ = {
			isa = XCConfigurationList;
			buildConfigurations = (
				63C9774B204FDA8A0096456E /* Debug */,
				63C9774C204FDA8A0096456E /* Release */,
			);
			defaultConfigurationIsVisible = 0;
			defaultConfigurationName = Release;
		};
		63C9774D204FDA8A0096456E /* Build configuration list for PBXNativeTarget "PowerZonesApp" */ = {
			isa = XCConfigurationList;
			buildConfigurations = (
				63C9774E204FDA8A0096456E /* Debug */,
				63C9774F204FDA8A0096456E /* Release */,
			);
			defaultConfigurationIsVisible = 0;
			defaultConfigurationName = Release;
		};
/* End XCConfigurationList section */
	};
	rootObject = 63C97733204FDA8A0096456E /* Project object */;
}
